// !$*UTF8*$!
{
	archiveVersion = 1;
	classes = {
	};
	objectVersion = 77;
	objects = {

/* Begin PBXBuildFile section */
		57D3668B2EC78C50007D9784 /* PostgREST in Frameworks */ = {isa = PBXBuildFile; productRef = 57D3668A2EC78C50007D9784 /* PostgREST */; };
		57D3668D2EC78C50007D9784 /* Storage in Frameworks */ = {isa = PBXBuildFile; productRef = 57D3668C2EC78C50007D9784 /* Storage */; };
		57D366982ECA4C6C007D9784 /* Supabase in Frameworks */ = {isa = PBXBuildFile; productRef = 57D366972ECA4C6C007D9784 /* Supabase */; };
		57D3669B2ECA5716007D9784 /* SimilaritySearchKit in Frameworks */ = {isa = PBXBuildFile; productRef = 57D3669A2ECA5716007D9784 /* SimilaritySearchKit */; };
/* End PBXBuildFile section */

/* Begin PBXContainerItemProxy section */
		57D366C02ECA64B9007D9784 /* PBXContainerItemProxy */ = {
			isa = PBXContainerItemProxy;
			containerPortal = 57D364A02EC4FC3E007D9784 /* Project object */;
			proxyType = 1;
			remoteGlobalIDString = 57D364A72EC4FC3E007D9784;
			remoteInfo = RussianSignLanguageDictionary;
		};
/* End PBXContainerItemProxy section */

/* Begin PBXFileReference section */
		57D364A82EC4FC3E007D9784 /* RussianSignLanguageDictionary.app */ = {isa = PBXFileReference; explicitFileType = wrapper.application; includeInIndex = 0; path = RussianSignLanguageDictionary.app; sourceTree = BUILT_PRODUCTS_DIR; };
		57D366BC2ECA64B9007D9784 /* RussianSignLanguageDictionaryTests.xctest */ = {isa = PBXFileReference; explicitFileType = wrapper.cfbundle; includeInIndex = 0; path = RussianSignLanguageDictionaryTests.xctest; sourceTree = BUILT_PRODUCTS_DIR; };
/* End PBXFileReference section */

/* Begin PBXFileSystemSynchronizedRootGroup section */
		57D364AA2EC4FC3E007D9784 /* RussianSignLanguageDictionary */ = {
			isa = PBXFileSystemSynchronizedRootGroup;
			path = RussianSignLanguageDictionary;
			sourceTree = "<group>";
		};
		57D366BD2ECA64B9007D9784 /* RussianSignLanguageDictionaryTests */ = {
			isa = PBXFileSystemSynchronizedRootGroup;
			path = RussianSignLanguageDictionaryTests;
			sourceTree = "<group>";
		};
/* End PBXFileSystemSynchronizedRootGroup section */

/* Begin PBXFrameworksBuildPhase section */
		57D364A52EC4FC3E007D9784 /* Frameworks */ = {
			isa = PBXFrameworksBuildPhase;
			buildActionMask = 2147483647;
			files = (
				57D3669B2ECA5716007D9784 /* SimilaritySearchKit in Frameworks */,
				57D3668D2EC78C50007D9784 /* Storage in Frameworks */,
				57D3668B2EC78C50007D9784 /* PostgREST in Frameworks */,
				57D366982ECA4C6C007D9784 /* Supabase in Frameworks */,
			);
			runOnlyForDeploymentPostprocessing = 0;
		};
		57D366B92ECA64B8007D9784 /* Frameworks */ = {
			isa = PBXFrameworksBuildPhase;
			buildActionMask = 2147483647;
			files = (
			);
			runOnlyForDeploymentPostprocessing = 0;
		};
/* End PBXFrameworksBuildPhase section */

/* Begin PBXGroup section */
		57D3649F2EC4FC3E007D9784 = {
			isa = PBXGroup;
			children = (
				57D364AA2EC4FC3E007D9784 /* RussianSignLanguageDictionary */,
				57D366BD2ECA64B9007D9784 /* RussianSignLanguageDictionaryTests */,
				57D366962ECA4C6C007D9784 /* Frameworks */,
				57D364A92EC4FC3E007D9784 /* Products */,
			);
			sourceTree = "<group>";
		};
		57D364A92EC4FC3E007D9784 /* Products */ = {
			isa = PBXGroup;
			children = (
				57D364A82EC4FC3E007D9784 /* RussianSignLanguageDictionary.app */,
				57D366BC2ECA64B9007D9784 /* RussianSignLanguageDictionaryTests.xctest */,
			);
			name = Products;
			sourceTree = "<group>";
		};
		57D366962ECA4C6C007D9784 /* Frameworks */ = {
			isa = PBXGroup;
			children = (
			);
			name = Frameworks;
			sourceTree = "<group>";
		};
/* End PBXGroup section */

/* Begin PBXNativeTarget section */
		57D364A72EC4FC3E007D9784 /* RussianSignLanguageDictionary */ = {
			isa = PBXNativeTarget;
			buildConfigurationList = 57D364B62EC4FC42007D9784 /* Build configuration list for PBXNativeTarget "RussianSignLanguageDictionary" */;
			buildPhases = (
				57D364A42EC4FC3E007D9784 /* Sources */,
				57D364A52EC4FC3E007D9784 /* Frameworks */,
				57D364A62EC4FC3E007D9784 /* Resources */,
			);
			buildRules = (
			);
			dependencies = (
			);
			fileSystemSynchronizedGroups = (
				57D364AA2EC4FC3E007D9784 /* RussianSignLanguageDictionary */,
			);
			name = RussianSignLanguageDictionary;
			packageProductDependencies = (
				57D3668A2EC78C50007D9784 /* PostgREST */,
				57D3668C2EC78C50007D9784 /* Storage */,
				57D366972ECA4C6C007D9784 /* Supabase */,
				57D3669A2ECA5716007D9784 /* SimilaritySearchKit */,
			);
			productName = RussianSignLanguageDictionary;
			productReference = 57D364A82EC4FC3E007D9784 /* RussianSignLanguageDictionary.app */;
			productType = "com.apple.product-type.application";
		};
		57D366BB2ECA64B8007D9784 /* RussianSignLanguageDictionaryTests */ = {
			isa = PBXNativeTarget;
			buildConfigurationList = 57D366C22ECA64B9007D9784 /* Build configuration list for PBXNativeTarget "RussianSignLanguageDictionaryTests" */;
			buildPhases = (
				57D366B82ECA64B8007D9784 /* Sources */,
				57D366B92ECA64B8007D9784 /* Frameworks */,
				57D366BA2ECA64B8007D9784 /* Resources */,
			);
			buildRules = (
			);
			dependencies = (
				57D366C12ECA64B9007D9784 /* PBXTargetDependency */,
			);
			fileSystemSynchronizedGroups = (
				57D366BD2ECA64B9007D9784 /* RussianSignLanguageDictionaryTests */,
			);
			name = RussianSignLanguageDictionaryTests;
			packageProductDependencies = (
			);
			productName = RussianSignLanguageDictionaryTests;
			productReference = 57D366BC2ECA64B9007D9784 /* RussianSignLanguageDictionaryTests.xctest */;
			productType = "com.apple.product-type.bundle.unit-test";
		};
/* End PBXNativeTarget section */

/* Begin PBXProject section */
		57D364A02EC4FC3E007D9784 /* Project object */ = {
			isa = PBXProject;
			attributes = {
				BuildIndependentTargetsInParallel = 1;
				LastSwiftUpdateCheck = 1620;
				LastUpgradeCheck = 1620;
				TargetAttributes = {
					57D364A72EC4FC3E007D9784 = {
						CreatedOnToolsVersion = 16.2;
					};
					57D366BB2ECA64B8007D9784 = {
						CreatedOnToolsVersion = 16.2;
						TestTargetID = 57D364A72EC4FC3E007D9784;
					};
				};
			};
			buildConfigurationList = 57D364A32EC4FC3E007D9784 /* Build configuration list for PBXProject "RussianSignLanguageDictionary" */;
			developmentRegion = en;
			hasScannedForEncodings = 0;
			knownRegions = (
				en,
				Base,
			);
			mainGroup = 57D3649F2EC4FC3E007D9784;
			minimizedProjectReferenceProxies = 1;
			packageReferences = (
				57D366892EC78C50007D9784 /* XCRemoteSwiftPackageReference "supabase-swift" */,
				57D366992ECA5716007D9784 /* XCRemoteSwiftPackageReference "similarity-search-kit" */,
			);
			preferredProjectObjectVersion = 77;
			productRefGroup = 57D364A92EC4FC3E007D9784 /* Products */;
			projectDirPath = "";
			projectRoot = "";
			targets = (
				57D364A72EC4FC3E007D9784 /* RussianSignLanguageDictionary */,
				57D366BB2ECA64B8007D9784 /* RussianSignLanguageDictionaryTests */,
			);
		};
/* End PBXProject section */

/* Begin PBXResourcesBuildPhase section */
		57D364A62EC4FC3E007D9784 /* Resources */ = {
			isa = PBXResourcesBuildPhase;
			buildActionMask = 2147483647;
			files = (
			);
			runOnlyForDeploymentPostprocessing = 0;
		};
		57D366BA2ECA64B8007D9784 /* Resources */ = {
			isa = PBXResourcesBuildPhase;
			buildActionMask = 2147483647;
			files = (
			);
			runOnlyForDeploymentPostprocessing = 0;
		};
/* End PBXResourcesBuildPhase section */

/* Begin PBXSourcesBuildPhase section */
		57D364A42EC4FC3E007D9784 /* Sources */ = {
			isa = PBXSourcesBuildPhase;
			buildActionMask = 2147483647;
			files = (
			);
			runOnlyForDeploymentPostprocessing = 0;
		};
		57D366B82ECA64B8007D9784 /* Sources */ = {
			isa = PBXSourcesBuildPhase;
			buildActionMask = 2147483647;
			files = (
			);
			runOnlyForDeploymentPostprocessing = 0;
		};
/* End PBXSourcesBuildPhase section */

/* Begin PBXTargetDependency section */
		57D366C12ECA64B9007D9784 /* PBXTargetDependency */ = {
			isa = PBXTargetDependency;
			target = 57D364A72EC4FC3E007D9784 /* RussianSignLanguageDictionary */;
			targetProxy = 57D366C02ECA64B9007D9784 /* PBXContainerItemProxy */;
		};
/* End PBXTargetDependency section */

/* Begin XCBuildConfiguration section */
		57D364B42EC4FC42007D9784 /* Debug */ = {
			isa = XCBuildConfiguration;
			buildSettings = {
				ALWAYS_SEARCH_USER_PATHS = NO;
				ASSETCATALOG_COMPILER_GENERATE_SWIFT_ASSET_SYMBOL_EXTENSIONS = YES;
				CLANG_ANALYZER_NONNULL = YES;
				CLANG_ANALYZER_NUMBER_OBJECT_CONVERSION = YES_AGGRESSIVE;
				CLANG_CXX_LANGUAGE_STANDARD = "gnu++20";
				CLANG_ENABLE_MODULES = YES;
				CLANG_ENABLE_OBJC_ARC = YES;
				CLANG_ENABLE_OBJC_WEAK = YES;
				CLANG_WARN_BLOCK_CAPTURE_AUTORELEASING = YES;
				CLANG_WARN_BOOL_CONVERSION = YES;
				CLANG_WARN_COMMA = YES;
				CLANG_WARN_CONSTANT_CONVERSION = YES;
				CLANG_WARN_DEPRECATED_OBJC_IMPLEMENTATIONS = YES;
				CLANG_WARN_DIRECT_OBJC_ISA_USAGE = YES_ERROR;
				CLANG_WARN_DOCUMENTATION_COMMENTS = YES;
				CLANG_WARN_EMPTY_BODY = YES;
				CLANG_WARN_ENUM_CONVERSION = YES;
				CLANG_WARN_INFINITE_RECURSION = YES;
				CLANG_WARN_INT_CONVERSION = YES;
				CLANG_WARN_NON_LITERAL_NULL_CONVERSION = YES;
				CLANG_WARN_OBJC_IMPLICIT_RETAIN_SELF = YES;
				CLANG_WARN_OBJC_LITERAL_CONVERSION = YES;
				CLANG_WARN_OBJC_ROOT_CLASS = YES_ERROR;
				CLANG_WARN_QUOTED_INCLUDE_IN_FRAMEWORK_HEADER = YES;
				CLANG_WARN_RANGE_LOOP_ANALYSIS = YES;
				CLANG_WARN_STRICT_PROTOTYPES = YES;
				CLANG_WARN_SUSPICIOUS_MOVE = YES;
				CLANG_WARN_UNGUARDED_AVAILABILITY = YES_AGGRESSIVE;
				CLANG_WARN_UNREACHABLE_CODE = YES;
				CLANG_WARN__DUPLICATE_METHOD_MATCH = YES;
				COPY_PHASE_STRIP = NO;
				DEBUG_INFORMATION_FORMAT = dwarf;
				ENABLE_STRICT_OBJC_MSGSEND = YES;
				ENABLE_TESTABILITY = YES;
				ENABLE_USER_SCRIPT_SANDBOXING = YES;
				GCC_C_LANGUAGE_STANDARD = gnu17;
				GCC_DYNAMIC_NO_PIC = NO;
				GCC_NO_COMMON_BLOCKS = YES;
				GCC_OPTIMIZATION_LEVEL = 0;
				GCC_PREPROCESSOR_DEFINITIONS = (
					"DEBUG=1",
					"$(inherited)",
				);
				GCC_WARN_64_TO_32_BIT_CONVERSION = YES;
				GCC_WARN_ABOUT_RETURN_TYPE = YES_ERROR;
				GCC_WARN_UNDECLARED_SELECTOR = YES;
				GCC_WARN_UNINITIALIZED_AUTOS = YES_AGGRESSIVE;
				GCC_WARN_UNUSED_FUNCTION = YES;
				GCC_WARN_UNUSED_VARIABLE = YES;
				IPHONEOS_DEPLOYMENT_TARGET = 18.2;
				LOCALIZATION_PREFERS_STRING_CATALOGS = YES;
				MTL_ENABLE_DEBUG_INFO = INCLUDE_SOURCE;
				MTL_FAST_MATH = YES;
				ONLY_ACTIVE_ARCH = YES;
				SDKROOT = iphoneos;
				SWIFT_ACTIVE_COMPILATION_CONDITIONS = "DEBUG $(inherited)";
				SWIFT_OPTIMIZATION_LEVEL = "-Onone";
			};
			name = Debug;
		};
		57D364B52EC4FC42007D9784 /* Release */ = {
			isa = XCBuildConfiguration;
			buildSettings = {
				ALWAYS_SEARCH_USER_PATHS = NO;
				ASSETCATALOG_COMPILER_GENERATE_SWIFT_ASSET_SYMBOL_EXTENSIONS = YES;
				CLANG_ANALYZER_NONNULL = YES;
				CLANG_ANALYZER_NUMBER_OBJECT_CONVERSION = YES_AGGRESSIVE;
				CLANG_CXX_LANGUAGE_STANDARD = "gnu++20";
				CLANG_ENABLE_MODULES = YES;
				CLANG_ENABLE_OBJC_ARC = YES;
				CLANG_ENABLE_OBJC_WEAK = YES;
				CLANG_WARN_BLOCK_CAPTURE_AUTORELEASING = YES;
				CLANG_WARN_BOOL_CONVERSION = YES;
				CLANG_WARN_COMMA = YES;
				CLANG_WARN_CONSTANT_CONVERSION = YES;
				CLANG_WARN_DEPRECATED_OBJC_IMPLEMENTATIONS = YES;
				CLANG_WARN_DIRECT_OBJC_ISA_USAGE = YES_ERROR;
				CLANG_WARN_DOCUMENTATION_COMMENTS = YES;
				CLANG_WARN_EMPTY_BODY = YES;
				CLANG_WARN_ENUM_CONVERSION = YES;
				CLANG_WARN_INFINITE_RECURSION = YES;
				CLANG_WARN_INT_CONVERSION = YES;
				CLANG_WARN_NON_LITERAL_NULL_CONVERSION = YES;
				CLANG_WARN_OBJC_IMPLICIT_RETAIN_SELF = YES;
				CLANG_WARN_OBJC_LITERAL_CONVERSION = YES;
				CLANG_WARN_OBJC_ROOT_CLASS = YES_ERROR;
				CLANG_WARN_QUOTED_INCLUDE_IN_FRAMEWORK_HEADER = YES;
				CLANG_WARN_RANGE_LOOP_ANALYSIS = YES;
				CLANG_WARN_STRICT_PROTOTYPES = YES;
				CLANG_WARN_SUSPICIOUS_MOVE = YES;
				CLANG_WARN_UNGUARDED_AVAILABILITY = YES_AGGRESSIVE;
				CLANG_WARN_UNREACHABLE_CODE = YES;
				CLANG_WARN__DUPLICATE_METHOD_MATCH = YES;
				COPY_PHASE_STRIP = NO;
				DEBUG_INFORMATION_FORMAT = "dwarf-with-dsym";
				ENABLE_NS_ASSERTIONS = NO;
				ENABLE_STRICT_OBJC_MSGSEND = YES;
				ENABLE_USER_SCRIPT_SANDBOXING = YES;
				GCC_C_LANGUAGE_STANDARD = gnu17;
				GCC_NO_COMMON_BLOCKS = YES;
				GCC_WARN_64_TO_32_BIT_CONVERSION = YES;
				GCC_WARN_ABOUT_RETURN_TYPE = YES_ERROR;
				GCC_WARN_UNDECLARED_SELECTOR = YES;
				GCC_WARN_UNINITIALIZED_AUTOS = YES_AGGRESSIVE;
				GCC_WARN_UNUSED_FUNCTION = YES;
				GCC_WARN_UNUSED_VARIABLE = YES;
				IPHONEOS_DEPLOYMENT_TARGET = 18.2;
				LOCALIZATION_PREFERS_STRING_CATALOGS = YES;
				MTL_ENABLE_DEBUG_INFO = NO;
				MTL_FAST_MATH = YES;
				SDKROOT = iphoneos;
				SWIFT_COMPILATION_MODE = wholemodule;
				VALIDATE_PRODUCT = YES;
			};
			name = Release;
		};
		57D364B72EC4FC42007D9784 /* Debug */ = {
			isa = XCBuildConfiguration;
			buildSettings = {
				ASSETCATALOG_COMPILER_APPICON_NAME = AppIcon;
				ASSETCATALOG_COMPILER_GLOBAL_ACCENT_COLOR_NAME = AccentColor;
				CODE_SIGN_STYLE = Automatic;
				CURRENT_PROJECT_VERSION = 1;
				DEVELOPMENT_ASSET_PATHS = "\"RussianSignLanguageDictionary/Preview Content\"";
				DEVELOPMENT_TEAM = 373B9Z76LT;
				ENABLE_PREVIEWS = YES;
				GENERATE_INFOPLIST_FILE = YES;
				INFOPLIST_KEY_UIApplicationSceneManifest_Generation = YES;
				INFOPLIST_KEY_UIApplicationSupportsIndirectInputEvents = YES;
				INFOPLIST_KEY_UILaunchScreen_Generation = YES;
				INFOPLIST_KEY_UISupportedInterfaceOrientations_iPad = "UIInterfaceOrientationPortrait UIInterfaceOrientationPortraitUpsideDown UIInterfaceOrientationLandscapeLeft UIInterfaceOrientationLandscapeRight";
				INFOPLIST_KEY_UISupportedInterfaceOrientations_iPhone = "UIInterfaceOrientationPortrait UIInterfaceOrientationLandscapeLeft UIInterfaceOrientationLandscapeRight";
				LD_RUNPATH_SEARCH_PATHS = (
					"$(inherited)",
					"@executable_path/Frameworks",
				);
				MARKETING_VERSION = 1.0;
				PRODUCT_BUNDLE_IDENTIFIER = berchik.RussianSignLanguageDictionary;
				PRODUCT_NAME = "$(TARGET_NAME)";
				SWIFT_EMIT_LOC_STRINGS = YES;
				SWIFT_VERSION = 5.0;
				TARGETED_DEVICE_FAMILY = "1,2";
			};
			name = Debug;
		};
		57D364B82EC4FC42007D9784 /* Release */ = {
			isa = XCBuildConfiguration;
			buildSettings = {
				ASSETCATALOG_COMPILER_APPICON_NAME = AppIcon;
				ASSETCATALOG_COMPILER_GLOBAL_ACCENT_COLOR_NAME = AccentColor;
				CODE_SIGN_STYLE = Automatic;
				CURRENT_PROJECT_VERSION = 1;
				DEVELOPMENT_ASSET_PATHS = "\"RussianSignLanguageDictionary/Preview Content\"";
				DEVELOPMENT_TEAM = 373B9Z76LT;
				ENABLE_PREVIEWS = YES;
				GENERATE_INFOPLIST_FILE = YES;
				INFOPLIST_KEY_UIApplicationSceneManifest_Generation = YES;
				INFOPLIST_KEY_UIApplicationSupportsIndirectInputEvents = YES;
				INFOPLIST_KEY_UILaunchScreen_Generation = YES;
				INFOPLIST_KEY_UISupportedInterfaceOrientations_iPad = "UIInterfaceOrientationPortrait UIInterfaceOrientationPortraitUpsideDown UIInterfaceOrientationLandscapeLeft UIInterfaceOrientationLandscapeRight";
				INFOPLIST_KEY_UISupportedInterfaceOrientations_iPhone = "UIInterfaceOrientationPortrait UIInterfaceOrientationLandscapeLeft UIInterfaceOrientationLandscapeRight";
				LD_RUNPATH_SEARCH_PATHS = (
					"$(inherited)",
					"@executable_path/Frameworks",
				);
				MARKETING_VERSION = 1.0;
				PRODUCT_BUNDLE_IDENTIFIER = berchik.RussianSignLanguageDictionary;
				PRODUCT_NAME = "$(TARGET_NAME)";
				SWIFT_EMIT_LOC_STRINGS = YES;
				SWIFT_VERSION = 5.0;
				TARGETED_DEVICE_FAMILY = "1,2";
			};
			name = Release;
		};
		57D366C32ECA64B9007D9784 /* Debug */ = {
			isa = XCBuildConfiguration;
			buildSettings = {
				BUNDLE_LOADER = "$(TEST_HOST)";
				CODE_SIGN_STYLE = Automatic;
				CURRENT_PROJECT_VERSION = 1;
				DEVELOPMENT_TEAM = 373B9Z76LT;
				GENERATE_INFOPLIST_FILE = YES;
				MARKETING_VERSION = 1.0;
				PRODUCT_BUNDLE_IDENTIFIER = berchik.RussianSignLanguageDictionaryTests;
				PRODUCT_NAME = "$(TARGET_NAME)";
				SWIFT_EMIT_LOC_STRINGS = NO;
				SWIFT_VERSION = 5.0;
				TARGETED_DEVICE_FAMILY = "1,2";
				TEST_HOST = "$(BUILT_PRODUCTS_DIR)/RussianSignLanguageDictionary.app/$(BUNDLE_EXECUTABLE_FOLDER_PATH)/RussianSignLanguageDictionary";
			};
			name = Debug;
		};
		57D366C42ECA64B9007D9784 /* Release */ = {
			isa = XCBuildConfiguration;
			buildSettings = {
				BUNDLE_LOADER = "$(TEST_HOST)";
				CODE_SIGN_STYLE = Automatic;
				CURRENT_PROJECT_VERSION = 1;
				DEVELOPMENT_TEAM = 373B9Z76LT;
				GENERATE_INFOPLIST_FILE = YES;
				MARKETING_VERSION = 1.0;
				PRODUCT_BUNDLE_IDENTIFIER = berchik.RussianSignLanguageDictionaryTests;
				PRODUCT_NAME = "$(TARGET_NAME)";
				SWIFT_EMIT_LOC_STRINGS = NO;
				SWIFT_VERSION = 5.0;
				TARGETED_DEVICE_FAMILY = "1,2";
				TEST_HOST = "$(BUILT_PRODUCTS_DIR)/RussianSignLanguageDictionary.app/$(BUNDLE_EXECUTABLE_FOLDER_PATH)/RussianSignLanguageDictionary";
			};
			name = Release;
		};
/* End XCBuildConfiguration section */

/* Begin XCConfigurationList section */
		57D364A32EC4FC3E007D9784 /* Build configuration list for PBXProject "RussianSignLanguageDictionary" */ = {
			isa = XCConfigurationList;
			buildConfigurations = (
				57D364B42EC4FC42007D9784 /* Debug */,
				57D364B52EC4FC42007D9784 /* Release */,
			);
			defaultConfigurationIsVisible = 0;
			defaultConfigurationName = Release;
		};
		57D364B62EC4FC42007D9784 /* Build configuration list for PBXNativeTarget "RussianSignLanguageDictionary" */ = {
			isa = XCConfigurationList;
			buildConfigurations = (
				57D364B72EC4FC42007D9784 /* Debug */,
				57D364B82EC4FC42007D9784 /* Release */,
			);
			defaultConfigurationIsVisible = 0;
			defaultConfigurationName = Release;
		};
		57D366C22ECA64B9007D9784 /* Build configuration list for PBXNativeTarget "RussianSignLanguageDictionaryTests" */ = {
			isa = XCConfigurationList;
			buildConfigurations = (
				57D366C32ECA64B9007D9784 /* Debug */,
				57D366C42ECA64B9007D9784 /* Release */,
			);
			defaultConfigurationIsVisible = 0;
			defaultConfigurationName = Release;
		};
/* End XCConfigurationList section */

/* Begin XCRemoteSwiftPackageReference section */
		57D366892EC78C50007D9784 /* XCRemoteSwiftPackageReference "supabase-swift" */ = {
			isa = XCRemoteSwiftPackageReference;
			repositoryURL = "https://github.com/supabase/supabase-swift";
			requirement = {
				kind = upToNextMajorVersion;
				minimumVersion = 2.5.1;
			};
		};
		57D366992ECA5716007D9784 /* XCRemoteSwiftPackageReference "similarity-search-kit" */ = {
			isa = XCRemoteSwiftPackageReference;
			repositoryURL = "https://github.com/ZachNagengast/similarity-search-kit";
			requirement = {
				kind = upToNextMajorVersion;
				minimumVersion = 0.0.15;
			};
		};
/* End XCRemoteSwiftPackageReference section */

/* Begin XCSwiftPackageProductDependency section */
		57D3668A2EC78C50007D9784 /* PostgREST */ = {
			isa = XCSwiftPackageProductDependency;
			package = 57D366892EC78C50007D9784 /* XCRemoteSwiftPackageReference "supabase-swift" */;
			productName = PostgREST;
		};
		57D3668C2EC78C50007D9784 /* Storage */ = {
			isa = XCSwiftPackageProductDependency;
			package = 57D366892EC78C50007D9784 /* XCRemoteSwiftPackageReference "supabase-swift" */;
			productName = Storage;
		};
		57D366972ECA4C6C007D9784 /* Supabase */ = {
			isa = XCSwiftPackageProductDependency;
			package = 57D366892EC78C50007D9784 /* XCRemoteSwiftPackageReference "supabase-swift" */;
			productName = Supabase;
		};
		57D3669A2ECA5716007D9784 /* SimilaritySearchKit */ = {
			isa = XCSwiftPackageProductDependency;
			package = 57D366992ECA5716007D9784 /* XCRemoteSwiftPackageReference "similarity-search-kit" */;
			productName = SimilaritySearchKit;
		};
/* End XCSwiftPackageProductDependency section */
	};
	rootObject = 57D364A02EC4FC3E007D9784 /* Project object */;
}
